
Microsoft Visual Studio Solution File, Format Version 12.00
# Visual Studio Version 17
VisualStudioVersion = 17.4.33213.308
MinimumVisualStudioVersion = 10.0.40219.1
Project("{FAE04EC0-301F-11D3-BF4B-00C04F79EFBC}") = "SampleMsAccess97DotNetCore", "SampleMsAccess97DotNetCore\SampleMsAccess97DotNetCore.csproj", "{563C2AE3-7F61-400C-860C-1FD4F7C6259C}"
EndProject
Global
	GlobalSection(SolutionConfigurationPlatforms) = preSolution
		Debug|Any CPU = Debug|Any CPU
		Release|Any CPU = Release|Any CPU
	EndGlobalSection
	GlobalSection(ProjectConfigurationPlatforms) = postSolution
		{563C2AE3-7F61-400C-860C-1FD4F7C6259C}.Debug|Any CPU.ActiveCfg = Debug|Any CPU
		{563C2AE3-7F61-400C-860C-1FD4F7C6259C}.Debug|Any CPU.Build.0 = Debug|Any CPU
		{563C2AE3-7F61-400C-860C-1FD4F7C6259C}.Release|Any CPU.ActiveCfg = Release|Any CPU
		{563C2AE3-7F61-400C-860C-1FD4F7C6259C}.Release|Any CPU.Build.0 = Release|Any CPU
	EndGlobalSection
	GlobalSection(SolutionProperties) = preSolution
		HideSolutionNode = FALSE
	EndGlobalSection
	GlobalSection(ExtensibilityGlobals) = postSolution
		SolutionGuid = {55BF9B80-8A3E-412E-9FFC-78590CD72C4F}
	EndGlobalSection
EndGlobal
